<?xml version="1.0" encoding="UTF-8"?>
<Scheme
   LastUpgradeVersion = "1520"
   version = "1.7">
   <BuildAction
      parallelizeBuildables = "YES"
      buildImplicitDependencies = "YES">
      <BuildActionEntries>
         <BuildActionEntry
            buildForTesting = "YES"
            buildForRunning = "YES"
            buildForProfiling = "YES"
            buildForArchiving = "YES"
            buildForAnalyzing = "YES">
            <BuildableReference
               BuildableIdentifier = "primary"
               BlueprintIdentifier = "9FF1D82F2B147F5E002F6EAC"
               BuildableName = "Trophy.app"
               BlueprintName = "Trophy"
               ReferencedContainer = "container:Trophy.xcodeproj">
            </BuildableReference>
         </BuildActionEntry>
      </BuildActionEntries>
   </BuildAction>
   <TestAction
      buildConfiguration = "Debug"
      selectedDebuggerIdentifier = "Xcode.DebuggerFoundation.Debugger.LLDB"
      selectedLauncherIdentifier = "Xcode.DebuggerFoundation.Launcher.LLDB"
      shouldUseLaunchSchemeArgsEnv = "YES"
      shouldAutocreateTestPlan = "YES">
      <Testables>
         <TestableReference
            skipped = "NO"
            parallelizable = "YES">
            <BuildableReference
               BuildableIdentifier = "primary"
               BlueprintIdentifier = "9FF1D87C2B37889E002F6EAC"
               BuildableName = "TrophyTests.xctest"
               BlueprintName = "TrophyTests"
               ReferencedContainer = "container:Trophy.xcodeproj">
            </BuildableReference>
         </TestableReference>
      </Testables>
   </TestAction>
   <LaunchAction
      buildConfiguration = "Debug"
      selectedDebuggerIdentifier = "Xcode.DebuggerFoundation.Debugger.LLDB"
      selectedLauncherIdentifier = "Xcode.DebuggerFoundation.Launcher.LLDB"
      launchStyle = "0"
      useCustomWorkingDirectory = "NO"
      ignoresPersistentStateOnLaunch = "NO"
      debugDocumentVersioning = "YES"
      debugServiceExtension = "internal"
      allowLocationSimulation = "YES"
      consoleMode = "0"
      structuredConsoleMode = "1">
      <BuildableProductRunnable
         runnableDebuggingMode = "0">
         <BuildableReference
            BuildableIdentifier = "primary"
            BlueprintIdentifier = "9FF1D82F2B147F5E002F6EAC"
            BuildableName = "Trophy.app"
            BlueprintName = "Trophy"
            ReferencedContainer = "container:Trophy.xcodeproj">
         </BuildableReference>
      </BuildableProductRunnable>
      <EnvironmentVariables>
         <EnvironmentVariable
            key = "TEST"
            value = "SUCCESS"
            isEnabled = "YES">
         </EnvironmentVariable>
         <EnvironmentVariable
            key = "TROPHY_INVOKE_PATH_PUT_USER_EXERCISE_GPT_PROD"
            value = "https://xhh2wpxj6f.execute-api.us-east-1.amazonaws.com/Prod/users/{userId}/exercises/processing/gpt"
            isEnabled = "YES">
         </EnvironmentVariable>
         <EnvironmentVariable
            key = "TROPHY_INVOKE_PATH_GET_USER_EXERCISES_PROD"
            value = "https://xhh2wpxj6f.execute-api.us-east-1.amazonaws.com/Prod/users/{userId}/exercises"
            isEnabled = "YES">
         </EnvironmentVariable>
         <EnvironmentVariable
            key = "TROPHY_INVOKE_PATH_GET_USER_EXERCISE_PROD"
            value = "https://xhh2wpxj6f.execute-api.us-east-1.amazonaws.com/Prod/users/{userId}/exercises/{exerciseId}"
            isEnabled = "YES">
         </EnvironmentVariable>
         <EnvironmentVariable
            key = "TROPHY_INVOKE_PATH_PUT_USER_EXERCISE_WITH_EXERCISE_ID_PROD"
            value = "https://xhh2wpxj6f.execute-api.us-east-1.amazonaws.com/Prod/users/{userId}/exercises/{exerciseId}"
            isEnabled = "YES">
         </EnvironmentVariable>
         <EnvironmentVariable
            key = "TROPHY_INVOKE_PATH_PUT_USER_EXERCISE_PROD"
            value = "https://xhh2wpxj6f.execute-api.us-east-1.amazonaws.com/Prod/users/{userId}/exercises"
            isEnabled = "YES">
         </EnvironmentVariable>
         <EnvironmentVariable
            key = "TROPHY_API_KEY_PROD"
            value = "eJft9CvQjC9WqubQzLaFS7rAPrjRWCKt99QuLHAm"
            isEnabled = "YES">
         </EnvironmentVariable>
         <EnvironmentVariable
            key = "TEST_USER_ID"
            value = "4bf0e7ef-cd19-4b0c-b9a2-e946c58e01d1"
            isEnabled = "YES">
         </EnvironmentVariable>
         <EnvironmentVariable
            key = "TEST_EXERCISE_ID"
            value = "a18eb51a-7104-4688-9659-8930752334d5"
            isEnabled = "YES">
         </EnvironmentVariable>
         <EnvironmentVariable
            key = "TROPHY_INVOKE_PATH_DELETE_USER_EXERCISE_PROD"
            value = "https://xhh2wpxj6f.execute-api.us-east-1.amazonaws.com/Prod/users/{userId}/exercises/{exerciseId}"
            isEnabled = "YES">
         </EnvironmentVariable>
         <EnvironmentVariable
            key = "AMPLIFY_PINPOINT_APP_ID"
            value = "00c83f809b1e4ae9b2ec3c305231b6b7"
            isEnabled = "YES">
         </EnvironmentVariable>
         <EnvironmentVariable
            key = "COGNITO_IDENTITY_POOL_ID"
            value = "us-east-1:c074905f-796a-4ffa-aeeb-6b46753d6202"
            isEnabled = "YES">
         </EnvironmentVariable>
         <EnvironmentVariable
            key = "COGNITO_USER_POOL_ID"
            value = "us-east-1_Iiv9KydRw"
            isEnabled = "YES">
         </EnvironmentVariable>
         <EnvironmentVariable
            key = "COGNITO_APP_CLIENT_ID"
            value = "6shlmlsq0m87eupdljkb2gvi1d"
            isEnabled = "YES">
         </EnvironmentVariable>
         <EnvironmentVariable
            key = "AWS_REGION"
            value = "us-east-1"
            isEnabled = "YES">
         </EnvironmentVariable>
      </EnvironmentVariables>
      <LocationScenarioReference
         identifier = "com.apple.dt.IDEFoundation.CurrentLocationScenarioIdentifier"
         referenceType = "1">
      </LocationScenarioReference>
   </LaunchAction>
   <ProfileAction
      buildConfiguration = "Release"
      shouldUseLaunchSchemeArgsEnv = "YES"
      savedToolIdentifier = ""
      useCustomWorkingDirectory = "NO"
      debugDocumentVersioning = "YES">
      <BuildableProductRunnable
         runnableDebuggingMode = "0">
         <BuildableReference
            BuildableIdentifier = "primary"
            BlueprintIdentifier = "9FF1D82F2B147F5E002F6EAC"
            BuildableName = "Trophy.app"
            BlueprintName = "Trophy"
            ReferencedContainer = "container:Trophy.xcodeproj">
         </BuildableReference>
      </BuildableProductRunnable>
   </ProfileAction>
   <AnalyzeAction
      buildConfiguration = "Debug">
   </AnalyzeAction>
   <ArchiveAction
      buildConfiguration = "Release"
      revealArchiveInOrganizer = "YES">
   </ArchiveAction>
</Scheme>
